
Microsoft Visual Studio Solution File, Format Version 12.00
# Visual Studio Version 17
VisualStudioVersion = 17.14.36301.6 d17.14
MinimumVisualStudioVersion = 10.0.40219.1
Project("{FAE04EC0-301F-11D3-BF4B-00C04F79EFBC}") = "Animax", "Animax\Animax.csproj", "{674BE2FC-A119-4D99-95AC-0035B41AE95D}"
EndProject
Global
	GlobalSection(SolutionConfigurationPlatforms) = preSolution
		Debug|Any CPU = Debug|Any CPU
		Release|Any CPU = Release|Any CPU
	EndGlobalSection
	GlobalSection(ProjectConfigurationPlatforms) = postSolution
		{674BE2FC-A119-4D99-95AC-0035B41AE95D}.Debug|Any CPU.ActiveCfg = Debug|Any CPU
		{674BE2FC-A119-4D99-95AC-0035B41AE95D}.Debug|Any CPU.Build.0 = Debug|Any CPU
		{674BE2FC-A119-4D99-95AC-0035B41AE95D}.Release|Any CPU.ActiveCfg = Release|Any CPU
		{674BE2FC-A119-4D99-95AC-0035B41AE95D}.Release|Any CPU.Build.0 = Release|Any CPU
	EndGlobalSection
	GlobalSection(SolutionProperties) = preSolution
		HideSolutionNode = FALSE
	EndGlobalSection
	GlobalSection(ExtensibilityGlobals) = postSolution
		SolutionGuid = {C1B91538-5CC8-4564-94A0-3DACF550E1A2}
	EndGlobalSection
EndGlobal
